
Microsoft Visual Studio Solution File, Format Version 12.00
# Visual Studio Version 16
VisualStudioVersion = 16.0.30104.148
MinimumVisualStudioVersion = 10.0.40219.1
Project("{FAE04EC0-301F-11D3-BF4B-00C04F79EFBC}") = "Lab1", "Lab1.csproj", "{62646523-7DFF-47EB-AFC5-0C354F2A0C41}"
	ProjectSection(ProjectDependencies) = postProject
		{CDA4C12F-CC24-4270-BF8D-C7874190498B} = {CDA4C12F-CC24-4270-BF8D-C7874190498B}
	EndProjectSection
EndProject
Project("{FAE04EC0-301F-11D3-BF4B-00C04F79EFBC}") = "ISWebService", "..\ISWebService\ISWebService.csproj", "{CDA4C12F-CC24-4270-BF8D-C7874190498B}"
EndProject
Project("{FAE04EC0-301F-11D3-BF4B-00C04F79EFBC}") = "ISRobot", "ISRobot\ISRobot.csproj", "{02747789-FF4F-451D-B310-327ECCDD64A5}"
	ProjectSection(ProjectDependencies) = postProject
		{CDA4C12F-CC24-4270-BF8D-C7874190498B} = {CDA4C12F-CC24-4270-BF8D-C7874190498B}
	EndProjectSection
EndProject
Global
	GlobalSection(SolutionConfigurationPlatforms) = preSolution
		Debug|Any CPU = Debug|Any CPU
		Release|Any CPU = Release|Any CPU
	EndGlobalSection
	GlobalSection(ProjectConfigurationPlatforms) = postSolution
		{62646523-7DFF-47EB-AFC5-0C354F2A0C41}.Debug|Any CPU.ActiveCfg = Debug|Any CPU
		{62646523-7DFF-47EB-AFC5-0C354F2A0C41}.Debug|Any CPU.Build.0 = Debug|Any CPU
		{62646523-7DFF-47EB-AFC5-0C354F2A0C41}.Release|Any CPU.ActiveCfg = Release|Any CPU
		{62646523-7DFF-47EB-AFC5-0C354F2A0C41}.Release|Any CPU.Build.0 = Release|Any CPU
		{CDA4C12F-CC24-4270-BF8D-C7874190498B}.Debug|Any CPU.ActiveCfg = Debug|Any CPU
		{CDA4C12F-CC24-4270-BF8D-C7874190498B}.Debug|Any CPU.Build.0 = Debug|Any CPU
		{CDA4C12F-CC24-4270-BF8D-C7874190498B}.Release|Any CPU.ActiveCfg = Release|Any CPU
		{CDA4C12F-CC24-4270-BF8D-C7874190498B}.Release|Any CPU.Build.0 = Release|Any CPU
		{02747789-FF4F-451D-B310-327ECCDD64A5}.Debug|Any CPU.ActiveCfg = Debug|Any CPU
		{02747789-FF4F-451D-B310-327ECCDD64A5}.Debug|Any CPU.Build.0 = Debug|Any CPU
		{02747789-FF4F-451D-B310-327ECCDD64A5}.Release|Any CPU.ActiveCfg = Release|Any CPU
		{02747789-FF4F-451D-B310-327ECCDD64A5}.Release|Any CPU.Build.0 = Release|Any CPU
	EndGlobalSection
	GlobalSection(SolutionProperties) = preSolution
		HideSolutionNode = FALSE
	EndGlobalSection
	GlobalSection(ExtensibilityGlobals) = postSolution
		SolutionGuid = {00171700-74EF-4E31-9C4A-965FC5F782A4}
	EndGlobalSection
EndGlobal
